
Microsoft Visual Studio Solution File, Format Version 12.00
# Visual Studio 15
VisualStudioVersion = 15.0.28307.168
MinimumVisualStudioVersion = 10.0.40219.1
Project("{9A19103F-16F7-4668-BE54-9A1E7A4F7556}") = "DBSqlite", "DBSqlite.csproj", "{F41B180C-8673-4186-8B9E-9F72BA5EDA72}"
EndProject
Project("{9A19103F-16F7-4668-BE54-9A1E7A4F7556}") = "DBSQLiteTesting", "..\DBSQLiteTesting\DBSQLiteTesting.csproj", "{D25ED570-4998-49C0-92F8-813AF5EE48FD}"
EndProject
Global
	GlobalSection(SolutionConfigurationPlatforms) = preSolution
		Debug|Any CPU = Debug|Any CPU
		Release|Any CPU = Release|Any CPU
	EndGlobalSection
	GlobalSection(ProjectConfigurationPlatforms) = postSolution
		{F41B180C-8673-4186-8B9E-9F72BA5EDA72}.Debug|Any CPU.ActiveCfg = Debug|Any CPU
		{F41B180C-8673-4186-8B9E-9F72BA5EDA72}.Debug|Any CPU.Build.0 = Debug|Any CPU
		{F41B180C-8673-4186-8B9E-9F72BA5EDA72}.Release|Any CPU.ActiveCfg = Release|Any CPU
		{F41B180C-8673-4186-8B9E-9F72BA5EDA72}.Release|Any CPU.Build.0 = Release|Any CPU
		{D25ED570-4998-49C0-92F8-813AF5EE48FD}.Debug|Any CPU.ActiveCfg = Debug|Any CPU
		{D25ED570-4998-49C0-92F8-813AF5EE48FD}.Debug|Any CPU.Build.0 = Debug|Any CPU
		{D25ED570-4998-49C0-92F8-813AF5EE48FD}.Release|Any CPU.ActiveCfg = Release|Any CPU
		{D25ED570-4998-49C0-92F8-813AF5EE48FD}.Release|Any CPU.Build.0 = Release|Any CPU
	EndGlobalSection
	GlobalSection(SolutionProperties) = preSolution
		HideSolutionNode = FALSE
	EndGlobalSection
	GlobalSection(ExtensibilityGlobals) = postSolution
		SolutionGuid = {39D979E4-EE32-4D6E-A187-97A0750537C4}
	EndGlobalSection
EndGlobal
